// !$*UTF8*$!
{
	archiveVersion = 1;
	classes = {
	};
	objectVersion = 56;
	objects = {

/* Begin PBXBuildFile section */
		DB8895A72AF5995400FD8487 /* GoogleService-Info.plist in Resources */ = {isa = PBXBuildFile; fileRef = DB8895A62AF5995400FD8487 /* GoogleService-Info.plist */; };
		DB8895A92AF599AF00FD8487 /* ViewModel.swift in Sources */ = {isa = PBXBuildFile; fileRef = DB8895A82AF599AF00FD8487 /* ViewModel.swift */; };
		DB8895AC2AF59B5900FD8487 /* FirebaseAnalytics in Frameworks */ = {isa = PBXBuildFile; productRef = DB8895AB2AF59B5900FD8487 /* FirebaseAnalytics */; };
		DB8895AE2AF59B5900FD8487 /* FirebaseAnalyticsOnDeviceConversion in Frameworks */ = {isa = PBXBuildFile; productRef = DB8895AD2AF59B5900FD8487 /* FirebaseAnalyticsOnDeviceConversion */; };
		DB8895B02AF59B5900FD8487 /* FirebaseAnalyticsSwift in Frameworks */ = {isa = PBXBuildFile; productRef = DB8895AF2AF59B5900FD8487 /* FirebaseAnalyticsSwift */; };
		DB8895B22AF59B5900FD8487 /* FirebaseAnalyticsWithoutAdIdSupport in Frameworks */ = {isa = PBXBuildFile; productRef = DB8895B12AF59B5900FD8487 /* FirebaseAnalyticsWithoutAdIdSupport */; };
		DB8895B42AF59B5900FD8487 /* FirebaseAppCheck in Frameworks */ = {isa = PBXBuildFile; productRef = DB8895B32AF59B5900FD8487 /* FirebaseAppCheck */; };
		DB8895B62AF59B5900FD8487 /* FirebaseAppDistribution-Beta in Frameworks */ = {isa = PBXBuildFile; productRef = DB8895B52AF59B5900FD8487 /* FirebaseAppDistribution-Beta */; };
		DB8895B82AF59B5900FD8487 /* FirebaseAuth in Frameworks */ = {isa = PBXBuildFile; productRef = DB8895B72AF59B5900FD8487 /* FirebaseAuth */; };
		DB8895BA2AF59B5900FD8487 /* FirebaseAuthCombine-Community in Frameworks */ = {isa = PBXBuildFile; productRef = DB8895B92AF59B5900FD8487 /* FirebaseAuthCombine-Community */; };
		DB8895BC2AF59B5900FD8487 /* FirebaseCrashlytics in Frameworks */ = {isa = PBXBuildFile; productRef = DB8895BB2AF59B5900FD8487 /* FirebaseCrashlytics */; };
		DB8895BE2AF59B5900FD8487 /* FirebaseDatabase in Frameworks */ = {isa = PBXBuildFile; productRef = DB8895BD2AF59B5900FD8487 /* FirebaseDatabase */; };
		DB8895C02AF59B5900FD8487 /* FirebaseDatabaseSwift in Frameworks */ = {isa = PBXBuildFile; productRef = DB8895BF2AF59B5900FD8487 /* FirebaseDatabaseSwift */; };
		DB8895C22AF59B5900FD8487 /* FirebaseDynamicLinks in Frameworks */ = {isa = PBXBuildFile; productRef = DB8895C12AF59B5900FD8487 /* FirebaseDynamicLinks */; };
		DB8895C42AF59B5900FD8487 /* FirebaseFirestore in Frameworks */ = {isa = PBXBuildFile; productRef = DB8895C32AF59B5900FD8487 /* FirebaseFirestore */; };
		DB8895C62AF59B5900FD8487 /* FirebaseFirestoreCombine-Community in Frameworks */ = {isa = PBXBuildFile; productRef = DB8895C52AF59B5900FD8487 /* FirebaseFirestoreCombine-Community */; };
		DB8895C82AF59B5900FD8487 /* FirebaseFirestoreSwift in Frameworks */ = {isa = PBXBuildFile; productRef = DB8895C72AF59B5900FD8487 /* FirebaseFirestoreSwift */; };
		DB8895CA2AF59B5900FD8487 /* FirebaseFunctions in Frameworks */ = {isa = PBXBuildFile; productRef = DB8895C92AF59B5900FD8487 /* FirebaseFunctions */; };
		DB8895CC2AF59B5900FD8487 /* FirebaseFunctionsCombine-Community in Frameworks */ = {isa = PBXBuildFile; productRef = DB8895CB2AF59B5900FD8487 /* FirebaseFunctionsCombine-Community */; };
		DB8895CE2AF59B5900FD8487 /* FirebaseInAppMessaging-Beta in Frameworks */ = {isa = PBXBuildFile; productRef = DB8895CD2AF59B5900FD8487 /* FirebaseInAppMessaging-Beta */; };
		DB97ECFE2AF156AF004BAE1C /* acsaApp.swift in Sources */ = {isa = PBXBuildFile; fileRef = DB97ECFD2AF156AF004BAE1C /* acsaApp.swift */; };
		DB97ED002AF156AF004BAE1C /* ContentView.swift in Sources */ = {isa = PBXBuildFile; fileRef = DB97ECFF2AF156AF004BAE1C /* ContentView.swift */; };
		DB97ED022AF156B6004BAE1C /* Assets.xcassets in Resources */ = {isa = PBXBuildFile; fileRef = DB97ED012AF156B6004BAE1C /* Assets.xcassets */; };
		DB97ED052AF156B6004BAE1C /* Preview Assets.xcassets in Resources */ = {isa = PBXBuildFile; fileRef = DB97ED042AF156B6004BAE1C /* Preview Assets.xcassets */; };
		DB97ED0C2AF1570C004BAE1C /* AuthView.swift in Sources */ = {isa = PBXBuildFile; fileRef = DB97ED0B2AF1570C004BAE1C /* AuthView.swift */; };
/* End PBXBuildFile section */

/* Begin PBXFileReference section */
		DB8895A62AF5995400FD8487 /* GoogleService-Info.plist */ = {isa = PBXFileReference; fileEncoding = 4; lastKnownFileType = text.plist.xml; path = "GoogleService-Info.plist"; sourceTree = "<group>"; };
		DB8895A82AF599AF00FD8487 /* ViewModel.swift */ = {isa = PBXFileReference; lastKnownFileType = sourcecode.swift; path = ViewModel.swift; sourceTree = "<group>"; };
		DB97ECFA2AF156AF004BAE1C /* acsa.app */ = {isa = PBXFileReference; explicitFileType = wrapper.application; includeInIndex = 0; path = acsa.app; sourceTree = BUILT_PRODUCTS_DIR; };
		DB97ECFD2AF156AF004BAE1C /* acsaApp.swift */ = {isa = PBXFileReference; lastKnownFileType = sourcecode.swift; path = acsaApp.swift; sourceTree = "<group>"; };
		DB97ECFF2AF156AF004BAE1C /* ContentView.swift */ = {isa = PBXFileReference; lastKnownFileType = sourcecode.swift; path = ContentView.swift; sourceTree = "<group>"; };
		DB97ED012AF156B6004BAE1C /* Assets.xcassets */ = {isa = PBXFileReference; lastKnownFileType = folder.assetcatalog; path = Assets.xcassets; sourceTree = "<group>"; };
		DB97ED042AF156B6004BAE1C /* Preview Assets.xcassets */ = {isa = PBXFileReference; lastKnownFileType = folder.assetcatalog; path = "Preview Assets.xcassets"; sourceTree = "<group>"; };
		DB97ED0B2AF1570C004BAE1C /* AuthView.swift */ = {isa = PBXFileReference; lastKnownFileType = sourcecode.swift; path = AuthView.swift; sourceTree = "<group>"; };
/* End PBXFileReference section */

/* Begin PBXFrameworksBuildPhase section */
		DB97ECF72AF156AF004BAE1C /* Frameworks */ = {
			isa = PBXFrameworksBuildPhase;
			buildActionMask = 2147483647;
			files = (
				DB8895BE2AF59B5900FD8487 /* FirebaseDatabase in Frameworks */,
				DB8895CC2AF59B5900FD8487 /* FirebaseFunctionsCombine-Community in Frameworks */,
				DB8895C42AF59B5900FD8487 /* FirebaseFirestore in Frameworks */,
				DB8895B02AF59B5900FD8487 /* FirebaseAnalyticsSwift in Frameworks */,
				DB8895AC2AF59B5900FD8487 /* FirebaseAnalytics in Frameworks */,
				DB8895AE2AF59B5900FD8487 /* FirebaseAnalyticsOnDeviceConversion in Frameworks */,
				DB8895C82AF59B5900FD8487 /* FirebaseFirestoreSwift in Frameworks */,
				DB8895B42AF59B5900FD8487 /* FirebaseAppCheck in Frameworks */,
				DB8895B22AF59B5900FD8487 /* FirebaseAnalyticsWithoutAdIdSupport in Frameworks */,
				DB8895B82AF59B5900FD8487 /* FirebaseAuth in Frameworks */,
				DB8895BC2AF59B5900FD8487 /* FirebaseCrashlytics in Frameworks */,
				DB8895CE2AF59B5900FD8487 /* FirebaseInAppMessaging-Beta in Frameworks */,
				DB8895C02AF59B5900FD8487 /* FirebaseDatabaseSwift in Frameworks */,
				DB8895CA2AF59B5900FD8487 /* FirebaseFunctions in Frameworks */,
				DB8895B62AF59B5900FD8487 /* FirebaseAppDistribution-Beta in Frameworks */,
				DB8895BA2AF59B5900FD8487 /* FirebaseAuthCombine-Community in Frameworks */,
				DB8895C22AF59B5900FD8487 /* FirebaseDynamicLinks in Frameworks */,
				DB8895C62AF59B5900FD8487 /* FirebaseFirestoreCombine-Community in Frameworks */,
			);
			runOnlyForDeploymentPostprocessing = 0;
		};
/* End PBXFrameworksBuildPhase section */

/* Begin PBXGroup section */
		DB97ECF12AF156AF004BAE1C = {
			isa = PBXGroup;
			children = (
				DB97ECFC2AF156AF004BAE1C /* acsa */,
				DB97ECFB2AF156AF004BAE1C /* Products */,
			);
			sourceTree = "<group>";
		};
		DB97ECFB2AF156AF004BAE1C /* Products */ = {
			isa = PBXGroup;
			children = (
				DB97ECFA2AF156AF004BAE1C /* acsa.app */,
			);
			name = Products;
			sourceTree = "<group>";
		};
		DB97ECFC2AF156AF004BAE1C /* acsa */ = {
			isa = PBXGroup;
			children = (
				DB97ECFD2AF156AF004BAE1C /* acsaApp.swift */,
				DB97ECFF2AF156AF004BAE1C /* ContentView.swift */,
				DB8895A82AF599AF00FD8487 /* ViewModel.swift */,
				DB97ED0B2AF1570C004BAE1C /* AuthView.swift */,
				DB8895A62AF5995400FD8487 /* GoogleService-Info.plist */,
				DB97ED012AF156B6004BAE1C /* Assets.xcassets */,
				DB97ED032AF156B6004BAE1C /* Preview Content */,
			);
			path = acsa;
			sourceTree = "<group>";
		};
		DB97ED032AF156B6004BAE1C /* Preview Content */ = {
			isa = PBXGroup;
			children = (
				DB97ED042AF156B6004BAE1C /* Preview Assets.xcassets */,
			);
			path = "Preview Content";
			sourceTree = "<group>";
		};
/* End PBXGroup section */

/* Begin PBXNativeTarget section */
		DB97ECF92AF156AF004BAE1C /* acsa */ = {
			isa = PBXNativeTarget;
			buildConfigurationList = DB97ED082AF156B6004BAE1C /* Build configuration list for PBXNativeTarget "acsa" */;
			buildPhases = (
				DB97ECF62AF156AF004BAE1C /* Sources */,
				DB97ECF72AF156AF004BAE1C /* Frameworks */,
				DB97ECF82AF156AF004BAE1C /* Resources */,
			);
			buildRules = (
			);
			dependencies = (
			);
			name = acsa;
			packageProductDependencies = (
				DB8895AB2AF59B5900FD8487 /* FirebaseAnalytics */,
				DB8895AD2AF59B5900FD8487 /* FirebaseAnalyticsOnDeviceConversion */,
				DB8895AF2AF59B5900FD8487 /* FirebaseAnalyticsSwift */,
				DB8895B12AF59B5900FD8487 /* FirebaseAnalyticsWithoutAdIdSupport */,
				DB8895B32AF59B5900FD8487 /* FirebaseAppCheck */,
				DB8895B52AF59B5900FD8487 /* FirebaseAppDistribution-Beta */,
				DB8895B72AF59B5900FD8487 /* FirebaseAuth */,
				DB8895B92AF59B5900FD8487 /* FirebaseAuthCombine-Community */,
				DB8895BB2AF59B5900FD8487 /* FirebaseCrashlytics */,
				DB8895BD2AF59B5900FD8487 /* FirebaseDatabase */,
				DB8895BF2AF59B5900FD8487 /* FirebaseDatabaseSwift */,
				DB8895C12AF59B5900FD8487 /* FirebaseDynamicLinks */,
				DB8895C32AF59B5900FD8487 /* FirebaseFirestore */,
				DB8895C52AF59B5900FD8487 /* FirebaseFirestoreCombine-Community */,
				DB8895C72AF59B5900FD8487 /* FirebaseFirestoreSwift */,
				DB8895C92AF59B5900FD8487 /* FirebaseFunctions */,
				DB8895CB2AF59B5900FD8487 /* FirebaseFunctionsCombine-Community */,
				DB8895CD2AF59B5900FD8487 /* FirebaseInAppMessaging-Beta */,
			);
			productName = acsa;
			productReference = DB97ECFA2AF156AF004BAE1C /* acsa.app */;
			productType = "com.apple.product-type.application";
		};
/* End PBXNativeTarget section */

/* Begin PBXProject section */
		DB97ECF22AF156AF004BAE1C /* Project object */ = {
			isa = PBXProject;
			attributes = {
				BuildIndependentTargetsInParallel = 1;
				LastSwiftUpdateCheck = 1510;
				LastUpgradeCheck = 1510;
				TargetAttributes = {
					DB97ECF92AF156AF004BAE1C = {
						CreatedOnToolsVersion = 15.1;
					};
				};
			};
			buildConfigurationList = DB97ECF52AF156AF004BAE1C /* Build configuration list for PBXProject "acsa" */;
			compatibilityVersion = "Xcode 14.0";
			developmentRegion = en;
			hasScannedForEncodings = 0;
			knownRegions = (
				en,
				Base,
			);
			mainGroup = DB97ECF12AF156AF004BAE1C;
			packageReferences = (
				DB8895AA2AF59B5900FD8487 /* XCRemoteSwiftPackageReference "firebase-ios-sdk" */,
			);
			productRefGroup = DB97ECFB2AF156AF004BAE1C /* Products */;
			projectDirPath = "";
			projectRoot = "";
			targets = (
				DB97ECF92AF156AF004BAE1C /* acsa */,
			);
		};
/* End PBXProject section */

/* Begin PBXResourcesBuildPhase section */
		DB97ECF82AF156AF004BAE1C /* Resources */ = {
			isa = PBXResourcesBuildPhase;
			buildActionMask = 2147483647;
			files = (
				DB97ED052AF156B6004BAE1C /* Preview Assets.xcassets in Resources */,
				DB8895A72AF5995400FD8487 /* GoogleService-Info.plist in Resources */,
				DB97ED022AF156B6004BAE1C /* Assets.xcassets in Resources */,
			);
			runOnlyForDeploymentPostprocessing = 0;
		};
/* End PBXResourcesBuildPhase section */

/* Begin PBXSourcesBuildPhase section */
		DB97ECF62AF156AF004BAE1C /* Sources */ = {
			isa = PBXSourcesBuildPhase;
			buildActionMask = 2147483647;
			files = (
				DB97ED002AF156AF004BAE1C /* ContentView.swift in Sources */,
				DB97ECFE2AF156AF004BAE1C /* acsaApp.swift in Sources */,
				DB8895A92AF599AF00FD8487 /* ViewModel.swift in Sources */,
				DB97ED0C2AF1570C004BAE1C /* AuthView.swift in Sources */,
			);
			runOnlyForDeploymentPostprocessing = 0;
		};
/* End PBXSourcesBuildPhase section */

/* Begin XCBuildConfiguration section */
		DB97ED062AF156B6004BAE1C /* Debug */ = {
			isa = XCBuildConfiguration;
			buildSettings = {
				ALWAYS_SEARCH_USER_PATHS = NO;
				ASSETCATALOG_COMPILER_GENERATE_SWIFT_ASSET_SYMBOL_EXTENSIONS = YES;
				CLANG_ANALYZER_NONNULL = YES;
				CLANG_ANALYZER_NUMBER_OBJECT_CONVERSION = YES_AGGRESSIVE;
				CLANG_CXX_LANGUAGE_STANDARD = "gnu++20";
				CLANG_ENABLE_MODULES = YES;
				CLANG_ENABLE_OBJC_ARC = YES;
				CLANG_ENABLE_OBJC_WEAK = YES;
				CLANG_WARN_BLOCK_CAPTURE_AUTORELEASING = YES;
				CLANG_WARN_BOOL_CONVERSION = YES;
				CLANG_WARN_COMMA = YES;
				CLANG_WARN_CONSTANT_CONVERSION = YES;
				CLANG_WARN_DEPRECATED_OBJC_IMPLEMENTATIONS = YES;
				CLANG_WARN_DIRECT_OBJC_ISA_USAGE = YES_ERROR;
				CLANG_WARN_DOCUMENTATION_COMMENTS = YES;
				CLANG_WARN_EMPTY_BODY = YES;
				CLANG_WARN_ENUM_CONVERSION = YES;
				CLANG_WARN_INFINITE_RECURSION = YES;
				CLANG_WARN_INT_CONVERSION = YES;
				CLANG_WARN_NON_LITERAL_NULL_CONVERSION = YES;
				CLANG_WARN_OBJC_IMPLICIT_RETAIN_SELF = YES;
				CLANG_WARN_OBJC_LITERAL_CONVERSION = YES;
				CLANG_WARN_OBJC_ROOT_CLASS = YES_ERROR;
				CLANG_WARN_QUOTED_INCLUDE_IN_FRAMEWORK_HEADER = YES;
				CLANG_WARN_RANGE_LOOP_ANALYSIS = YES;
				CLANG_WARN_STRICT_PROTOTYPES = YES;
				CLANG_WARN_SUSPICIOUS_MOVE = YES;
				CLANG_WARN_UNGUARDED_AVAILABILITY = YES_AGGRESSIVE;
				CLANG_WARN_UNREACHABLE_CODE = YES;
				CLANG_WARN__DUPLICATE_METHOD_MATCH = YES;
				COPY_PHASE_STRIP = NO;
				DEBUG_INFORMATION_FORMAT = dwarf;
				ENABLE_STRICT_OBJC_MSGSEND = YES;
				ENABLE_TESTABILITY = YES;
				ENABLE_USER_SCRIPT_SANDBOXING = YES;
				GCC_C_LANGUAGE_STANDARD = gnu17;
				GCC_DYNAMIC_NO_PIC = NO;
				GCC_NO_COMMON_BLOCKS = YES;
				GCC_OPTIMIZATION_LEVEL = 0;
				GCC_PREPROCESSOR_DEFINITIONS = (
					"DEBUG=1",
					"$(inherited)",
				);
				GCC_WARN_64_TO_32_BIT_CONVERSION = YES;
				GCC_WARN_ABOUT_RETURN_TYPE = YES_ERROR;
				GCC_WARN_UNDECLARED_SELECTOR = YES;
				GCC_WARN_UNINITIALIZED_AUTOS = YES_AGGRESSIVE;
				GCC_WARN_UNUSED_FUNCTION = YES;
				GCC_WARN_UNUSED_VARIABLE = YES;
				IPHONEOS_DEPLOYMENT_TARGET = 17.0;
				LOCALIZATION_PREFERS_STRING_CATALOGS = YES;
				MTL_ENABLE_DEBUG_INFO = INCLUDE_SOURCE;
				MTL_FAST_MATH = YES;
				ONLY_ACTIVE_ARCH = YES;
				SDKROOT = iphoneos;
				SWIFT_ACTIVE_COMPILATION_CONDITIONS = "DEBUG $(inherited)";
				SWIFT_OPTIMIZATION_LEVEL = "-Onone";
			};
			name = Debug;
		};
		DB97ED072AF156B6004BAE1C /* Release */ = {
			isa = XCBuildConfiguration;
			buildSettings = {
				ALWAYS_SEARCH_USER_PATHS = NO;
				ASSETCATALOG_COMPILER_GENERATE_SWIFT_ASSET_SYMBOL_EXTENSIONS = YES;
				CLANG_ANALYZER_NONNULL = YES;
				CLANG_ANALYZER_NUMBER_OBJECT_CONVERSION = YES_AGGRESSIVE;
				CLANG_CXX_LANGUAGE_STANDARD = "gnu++20";
				CLANG_ENABLE_MODULES = YES;
				CLANG_ENABLE_OBJC_ARC = YES;
				CLANG_ENABLE_OBJC_WEAK = YES;
				CLANG_WARN_BLOCK_CAPTURE_AUTORELEASING = YES;
				CLANG_WARN_BOOL_CONVERSION = YES;
				CLANG_WARN_COMMA = YES;
				CLANG_WARN_CONSTANT_CONVERSION = YES;
				CLANG_WARN_DEPRECATED_OBJC_IMPLEMENTATIONS = YES;
				CLANG_WARN_DIRECT_OBJC_ISA_USAGE = YES_ERROR;
				CLANG_WARN_DOCUMENTATION_COMMENTS = YES;
				CLANG_WARN_EMPTY_BODY = YES;
				CLANG_WARN_ENUM_CONVERSION = YES;
				CLANG_WARN_INFINITE_RECURSION = YES;
				CLANG_WARN_INT_CONVERSION = YES;
				CLANG_WARN_NON_LITERAL_NULL_CONVERSION = YES;
				CLANG_WARN_OBJC_IMPLICIT_RETAIN_SELF = YES;
				CLANG_WARN_OBJC_LITERAL_CONVERSION = YES;
				CLANG_WARN_OBJC_ROOT_CLASS = YES_ERROR;
				CLANG_WARN_QUOTED_INCLUDE_IN_FRAMEWORK_HEADER = YES;
				CLANG_WARN_RANGE_LOOP_ANALYSIS = YES;
				CLANG_WARN_STRICT_PROTOTYPES = YES;
				CLANG_WARN_SUSPICIOUS_MOVE = YES;
				CLANG_WARN_UNGUARDED_AVAILABILITY = YES_AGGRESSIVE;
				CLANG_WARN_UNREACHABLE_CODE = YES;
				CLANG_WARN__DUPLICATE_METHOD_MATCH = YES;
				COPY_PHASE_STRIP = NO;
				DEBUG_INFORMATION_FORMAT = "dwarf-with-dsym";
				ENABLE_NS_ASSERTIONS = NO;
				ENABLE_STRICT_OBJC_MSGSEND = YES;
				ENABLE_USER_SCRIPT_SANDBOXING = YES;
				GCC_C_LANGUAGE_STANDARD = gnu17;
				GCC_NO_COMMON_BLOCKS = YES;
				GCC_WARN_64_TO_32_BIT_CONVERSION = YES;
				GCC_WARN_ABOUT_RETURN_TYPE = YES_ERROR;
				GCC_WARN_UNDECLARED_SELECTOR = YES;
				GCC_WARN_UNINITIALIZED_AUTOS = YES_AGGRESSIVE;
				GCC_WARN_UNUSED_FUNCTION = YES;
				GCC_WARN_UNUSED_VARIABLE = YES;
				IPHONEOS_DEPLOYMENT_TARGET = 17.0;
				LOCALIZATION_PREFERS_STRING_CATALOGS = YES;
				MTL_ENABLE_DEBUG_INFO = NO;
				MTL_FAST_MATH = YES;
				SDKROOT = iphoneos;
				SWIFT_COMPILATION_MODE = wholemodule;
				VALIDATE_PRODUCT = YES;
			};
			name = Release;
		};
		DB97ED092AF156B6004BAE1C /* Debug */ = {
			isa = XCBuildConfiguration;
			buildSettings = {
				ASSETCATALOG_COMPILER_APPICON_NAME = AppIcon;
				ASSETCATALOG_COMPILER_GLOBAL_ACCENT_COLOR_NAME = AccentColor;
				CODE_SIGN_STYLE = Automatic;
				CURRENT_PROJECT_VERSION = 1;
				DEVELOPMENT_ASSET_PATHS = "\"acsa/Preview Content\"";
				DEVELOPMENT_TEAM = K48G99PWNM;
				ENABLE_PREVIEWS = YES;
				GENERATE_INFOPLIST_FILE = YES;
				HEADER_SEARCH_PATHS = "";
				INFOPLIST_KEY_UIApplicationSceneManifest_Generation = YES;
				INFOPLIST_KEY_UIApplicationSupportsIndirectInputEvents = YES;
				INFOPLIST_KEY_UILaunchScreen_Generation = YES;
				INFOPLIST_KEY_UISupportedInterfaceOrientations_iPad = "UIInterfaceOrientationPortrait UIInterfaceOrientationPortraitUpsideDown UIInterfaceOrientationLandscapeLeft UIInterfaceOrientationLandscapeRight";
				INFOPLIST_KEY_UISupportedInterfaceOrientations_iPhone = "UIInterfaceOrientationPortrait UIInterfaceOrientationLandscapeLeft UIInterfaceOrientationLandscapeRight";
				IPHONEOS_DEPLOYMENT_TARGET = 16.3;
				LD_RUNPATH_SEARCH_PATHS = (
					"$(inherited)",
					"@executable_path/Frameworks",
				);
				MARKETING_VERSION = 1.0;
				PRODUCT_BUNDLE_IDENTIFIER = com.sbj.acsa;
				PRODUCT_NAME = "$(TARGET_NAME)";
				SWIFT_EMIT_LOC_STRINGS = YES;
				SWIFT_VERSION = 5.0;
				TARGETED_DEVICE_FAMILY = "1,2";
			};
			name = Debug;
		};
		DB97ED0A2AF156B6004BAE1C /* Release */ = {
			isa = XCBuildConfiguration;
			buildSettings = {
				ASSETCATALOG_COMPILER_APPICON_NAME = AppIcon;
				ASSETCATALOG_COMPILER_GLOBAL_ACCENT_COLOR_NAME = AccentColor;
				CODE_SIGN_STYLE = Automatic;
				CURRENT_PROJECT_VERSION = 1;
				DEVELOPMENT_ASSET_PATHS = "\"acsa/Preview Content\"";
				DEVELOPMENT_TEAM = K48G99PWNM;
				ENABLE_PREVIEWS = YES;
				GENERATE_INFOPLIST_FILE = YES;
				HEADER_SEARCH_PATHS = "";
				INFOPLIST_KEY_UIApplicationSceneManifest_Generation = YES;
				INFOPLIST_KEY_UIApplicationSupportsIndirectInputEvents = YES;
				INFOPLIST_KEY_UILaunchScreen_Generation = YES;
				INFOPLIST_KEY_UISupportedInterfaceOrientations_iPad = "UIInterfaceOrientationPortrait UIInterfaceOrientationPortraitUpsideDown UIInterfaceOrientationLandscapeLeft UIInterfaceOrientationLandscapeRight";
				INFOPLIST_KEY_UISupportedInterfaceOrientations_iPhone = "UIInterfaceOrientationPortrait UIInterfaceOrientationLandscapeLeft UIInterfaceOrientationLandscapeRight";
				IPHONEOS_DEPLOYMENT_TARGET = 16.3;
				LD_RUNPATH_SEARCH_PATHS = (
					"$(inherited)",
					"@executable_path/Frameworks",
				);
				MARKETING_VERSION = 1.0;
				PRODUCT_BUNDLE_IDENTIFIER = com.sbj.acsa;
				PRODUCT_NAME = "$(TARGET_NAME)";
				SWIFT_EMIT_LOC_STRINGS = YES;
				SWIFT_VERSION = 5.0;
				TARGETED_DEVICE_FAMILY = "1,2";
			};
			name = Release;
		};
/* End XCBuildConfiguration section */

/* Begin XCConfigurationList section */
		DB97ECF52AF156AF004BAE1C /* Build configuration list for PBXProject "acsa" */ = {
			isa = XCConfigurationList;
			buildConfigurations = (
				DB97ED062AF156B6004BAE1C /* Debug */,
				DB97ED072AF156B6004BAE1C /* Release */,
			);
			defaultConfigurationIsVisible = 0;
			defaultConfigurationName = Release;
		};
		DB97ED082AF156B6004BAE1C /* Build configuration list for PBXNativeTarget "acsa" */ = {
			isa = XCConfigurationList;
			buildConfigurations = (
				DB97ED092AF156B6004BAE1C /* Debug */,
				DB97ED0A2AF156B6004BAE1C /* Release */,
			);
			defaultConfigurationIsVisible = 0;
			defaultConfigurationName = Release;
		};
/* End XCConfigurationList section */

/* Begin XCRemoteSwiftPackageReference section */
		DB8895AA2AF59B5900FD8487 /* XCRemoteSwiftPackageReference "firebase-ios-sdk" */ = {
			isa = XCRemoteSwiftPackageReference;
			repositoryURL = "https://github.com/firebase/firebase-ios-sdk";
			requirement = {
				kind = upToNextMajorVersion;
				minimumVersion = 10.17.0;
			};
		};
/* End XCRemoteSwiftPackageReference section */

/* Begin XCSwiftPackageProductDependency section */
		DB8895AB2AF59B5900FD8487 /* FirebaseAnalytics */ = {
			isa = XCSwiftPackageProductDependency;
			package = DB8895AA2AF59B5900FD8487 /* XCRemoteSwiftPackageReference "firebase-ios-sdk" */;
			productName = FirebaseAnalytics;
		};
		DB8895AD2AF59B5900FD8487 /* FirebaseAnalyticsOnDeviceConversion */ = {
			isa = XCSwiftPackageProductDependency;
			package = DB8895AA2AF59B5900FD8487 /* XCRemoteSwiftPackageReference "firebase-ios-sdk" */;
			productName = FirebaseAnalyticsOnDeviceConversion;
		};
		DB8895AF2AF59B5900FD8487 /* FirebaseAnalyticsSwift */ = {
			isa = XCSwiftPackageProductDependency;
			package = DB8895AA2AF59B5900FD8487 /* XCRemoteSwiftPackageReference "firebase-ios-sdk" */;
			productName = FirebaseAnalyticsSwift;
		};
		DB8895B12AF59B5900FD8487 /* FirebaseAnalyticsWithoutAdIdSupport */ = {
			isa = XCSwiftPackageProductDependency;
			package = DB8895AA2AF59B5900FD8487 /* XCRemoteSwiftPackageReference "firebase-ios-sdk" */;
			productName = FirebaseAnalyticsWithoutAdIdSupport;
		};
		DB8895B32AF59B5900FD8487 /* FirebaseAppCheck */ = {
			isa = XCSwiftPackageProductDependency;
			package = DB8895AA2AF59B5900FD8487 /* XCRemoteSwiftPackageReference "firebase-ios-sdk" */;
			productName = FirebaseAppCheck;
		};
		DB8895B52AF59B5900FD8487 /* FirebaseAppDistribution-Beta */ = {
			isa = XCSwiftPackageProductDependency;
			package = DB8895AA2AF59B5900FD8487 /* XCRemoteSwiftPackageReference "firebase-ios-sdk" */;
			productName = "FirebaseAppDistribution-Beta";
		};
		DB8895B72AF59B5900FD8487 /* FirebaseAuth */ = {
			isa = XCSwiftPackageProductDependency;
			package = DB8895AA2AF59B5900FD8487 /* XCRemoteSwiftPackageReference "firebase-ios-sdk" */;
			productName = FirebaseAuth;
		};
		DB8895B92AF59B5900FD8487 /* FirebaseAuthCombine-Community */ = {
			isa = XCSwiftPackageProductDependency;
			package = DB8895AA2AF59B5900FD8487 /* XCRemoteSwiftPackageReference "firebase-ios-sdk" */;
			productName = "FirebaseAuthCombine-Community";
		};
		DB8895BB2AF59B5900FD8487 /* FirebaseCrashlytics */ = {
			isa = XCSwiftPackageProductDependency;
			package = DB8895AA2AF59B5900FD8487 /* XCRemoteSwiftPackageReference "firebase-ios-sdk" */;
			productName = FirebaseCrashlytics;
		};
		DB8895BD2AF59B5900FD8487 /* FirebaseDatabase */ = {
			isa = XCSwiftPackageProductDependency;
			package = DB8895AA2AF59B5900FD8487 /* XCRemoteSwiftPackageReference "firebase-ios-sdk" */;
			productName = FirebaseDatabase;
		};
		DB8895BF2AF59B5900FD8487 /* FirebaseDatabaseSwift */ = {
			isa = XCSwiftPackageProductDependency;
			package = DB8895AA2AF59B5900FD8487 /* XCRemoteSwiftPackageReference "firebase-ios-sdk" */;
			productName = FirebaseDatabaseSwift;
		};
		DB8895C12AF59B5900FD8487 /* FirebaseDynamicLinks */ = {
			isa = XCSwiftPackageProductDependency;
			package = DB8895AA2AF59B5900FD8487 /* XCRemoteSwiftPackageReference "firebase-ios-sdk" */;
			productName = FirebaseDynamicLinks;
		};
		DB8895C32AF59B5900FD8487 /* FirebaseFirestore */ = {
			isa = XCSwiftPackageProductDependency;
			package = DB8895AA2AF59B5900FD8487 /* XCRemoteSwiftPackageReference "firebase-ios-sdk" */;
			productName = FirebaseFirestore;
		};
		DB8895C52AF59B5900FD8487 /* FirebaseFirestoreCombine-Community */ = {
			isa = XCSwiftPackageProductDependency;
			package = DB8895AA2AF59B5900FD8487 /* XCRemoteSwiftPackageReference "firebase-ios-sdk" */;
			productName = "FirebaseFirestoreCombine-Community";
		};
		DB8895C72AF59B5900FD8487 /* FirebaseFirestoreSwift */ = {
			isa = XCSwiftPackageProductDependency;
			package = DB8895AA2AF59B5900FD8487 /* XCRemoteSwiftPackageReference "firebase-ios-sdk" */;
			productName = FirebaseFirestoreSwift;
		};
		DB8895C92AF59B5900FD8487 /* FirebaseFunctions */ = {
			isa = XCSwiftPackageProductDependency;
			package = DB8895AA2AF59B5900FD8487 /* XCRemoteSwiftPackageReference "firebase-ios-sdk" */;
			productName = FirebaseFunctions;
		};
		DB8895CB2AF59B5900FD8487 /* FirebaseFunctionsCombine-Community */ = {
			isa = XCSwiftPackageProductDependency;
			package = DB8895AA2AF59B5900FD8487 /* XCRemoteSwiftPackageReference "firebase-ios-sdk" */;
			productName = "FirebaseFunctionsCombine-Community";
		};
		DB8895CD2AF59B5900FD8487 /* FirebaseInAppMessaging-Beta */ = {
			isa = XCSwiftPackageProductDependency;
			package = DB8895AA2AF59B5900FD8487 /* XCRemoteSwiftPackageReference "firebase-ios-sdk" */;
			productName = "FirebaseInAppMessaging-Beta";
		};
/* End XCSwiftPackageProductDependency section */
	};
	rootObject = DB97ECF22AF156AF004BAE1C /* Project object */;
}
